
Microsoft Visual Studio Solution File, Format Version 12.00
# Visual Studio Version 17
VisualStudioVersion = 17.11.35327.3
MinimumVisualStudioVersion = 10.0.40219.1
Project("{FAE04EC0-301F-11D3-BF4B-00C04F79EFBC}") = "phoneLocator_num.cs", "phoneLocator_num.cs.csproj", "{1D563A7F-4018-4DF8-8CA5-9CBEA616E20B}"
EndProject
Global
	GlobalSection(SolutionConfigurationPlatforms) = preSolution
		Debug|Any CPU = Debug|Any CPU
		Release|Any CPU = Release|Any CPU
	EndGlobalSection
	GlobalSection(ProjectConfigurationPlatforms) = postSolution
		{1D563A7F-4018-4DF8-8CA5-9CBEA616E20B}.Debug|Any CPU.ActiveCfg = Debug|Any CPU
		{1D563A7F-4018-4DF8-8CA5-9CBEA616E20B}.Debug|Any CPU.Build.0 = Debug|Any CPU
		{1D563A7F-4018-4DF8-8CA5-9CBEA616E20B}.Release|Any CPU.ActiveCfg = Release|Any CPU
		{1D563A7F-4018-4DF8-8CA5-9CBEA616E20B}.Release|Any CPU.Build.0 = Release|Any CPU
	EndGlobalSection
	GlobalSection(SolutionProperties) = preSolution
		HideSolutionNode = FALSE
	EndGlobalSection
	GlobalSection(ExtensibilityGlobals) = postSolution
		SolutionGuid = {D28B623C-A4BB-4CC0-BC0C-C48273633097}
	EndGlobalSection
EndGlobal
